
Microsoft Visual Studio Solution File, Format Version 12.00
# Visual Studio Version 17
VisualStudioVersion = 17.5.33627.172
MinimumVisualStudioVersion = 10.0.40219.1
Project("{2150E333-8FDC-42A3-9474-1A3956D46DE8}") = "Projektmappenelemente", "Projektmappenelemente", "{FEC501B3-B526-46DC-BEEE-63283DD07A71}"
	ProjectSection(SolutionItems) = preProject
		.gitignore = .gitignore
	EndProjectSection
EndProject
Project("{54A90642-561A-4BB1-A94E-469ADEE60C69}") = "UI", "UI\UI.esproj", "{0792A00A-EC87-4C5E-A4C8-0247E9230622}"
EndProject
Project("{FAE04EC0-301F-11D3-BF4B-00C04F79EFBC}") = "Api", "Api\Api.csproj", "{CB32A9A1-85D4-4BD9-8191-08F9D3360EB1}"
EndProject
Project("{FAE04EC0-301F-11D3-BF4B-00C04F79EFBC}") = "Application", "Application\Application.csproj", "{F432AB53-FA19-4D31-A27A-D0C9C21B5CAA}"
EndProject
Global
	GlobalSection(SolutionConfigurationPlatforms) = preSolution
		Debug|Any CPU = Debug|Any CPU
		Release|Any CPU = Release|Any CPU
	EndGlobalSection
	GlobalSection(ProjectConfigurationPlatforms) = postSolution
		{0792A00A-EC87-4C5E-A4C8-0247E9230622}.Debug|Any CPU.ActiveCfg = Debug|Any CPU
		{0792A00A-EC87-4C5E-A4C8-0247E9230622}.Debug|Any CPU.Build.0 = Debug|Any CPU
		{0792A00A-EC87-4C5E-A4C8-0247E9230622}.Debug|Any CPU.Deploy.0 = Debug|Any CPU
		{0792A00A-EC87-4C5E-A4C8-0247E9230622}.Release|Any CPU.ActiveCfg = Release|Any CPU
		{0792A00A-EC87-4C5E-A4C8-0247E9230622}.Release|Any CPU.Build.0 = Release|Any CPU
		{0792A00A-EC87-4C5E-A4C8-0247E9230622}.Release|Any CPU.Deploy.0 = Release|Any CPU
		{CB32A9A1-85D4-4BD9-8191-08F9D3360EB1}.Debug|Any CPU.ActiveCfg = Debug|Any CPU
		{CB32A9A1-85D4-4BD9-8191-08F9D3360EB1}.Debug|Any CPU.Build.0 = Debug|Any CPU
		{CB32A9A1-85D4-4BD9-8191-08F9D3360EB1}.Release|Any CPU.ActiveCfg = Release|Any CPU
		{CB32A9A1-85D4-4BD9-8191-08F9D3360EB1}.Release|Any CPU.Build.0 = Release|Any CPU
		{F432AB53-FA19-4D31-A27A-D0C9C21B5CAA}.Debug|Any CPU.ActiveCfg = Debug|Any CPU
		{F432AB53-FA19-4D31-A27A-D0C9C21B5CAA}.Debug|Any CPU.Build.0 = Debug|Any CPU
		{F432AB53-FA19-4D31-A27A-D0C9C21B5CAA}.Release|Any CPU.ActiveCfg = Release|Any CPU
		{F432AB53-FA19-4D31-A27A-D0C9C21B5CAA}.Release|Any CPU.Build.0 = Release|Any CPU
	EndGlobalSection
	GlobalSection(SolutionProperties) = preSolution
		HideSolutionNode = FALSE
	EndGlobalSection
	GlobalSection(ExtensibilityGlobals) = postSolution
		SolutionGuid = {515AA068-C07C-405E-9852-4D6834878055}
	EndGlobalSection
EndGlobal
